
Microsoft Visual Studio Solution File, Format Version 12.00
# Visual Studio Version 17
VisualStudioVersion = 17.5.002.0
MinimumVisualStudioVersion = 10.0.40219.1
Project("{9A19103F-16F7-4668-BE54-9A1E7A4F7556}") = "api", "api.csproj", "{776DE9D9-672E-44A9-B38E-D934D6801FA1}"
EndProject
Global
	GlobalSection(SolutionConfigurationPlatforms) = preSolution
		Debug|Any CPU = Debug|Any CPU
		Release|Any CPU = Release|Any CPU
	EndGlobalSection
	GlobalSection(ProjectConfigurationPlatforms) = postSolution
		{776DE9D9-672E-44A9-B38E-D934D6801FA1}.Debug|Any CPU.ActiveCfg = Debug|Any CPU
		{776DE9D9-672E-44A9-B38E-D934D6801FA1}.Debug|Any CPU.Build.0 = Debug|Any CPU
		{776DE9D9-672E-44A9-B38E-D934D6801FA1}.Release|Any CPU.ActiveCfg = Release|Any CPU
		{776DE9D9-672E-44A9-B38E-D934D6801FA1}.Release|Any CPU.Build.0 = Release|Any CPU
	EndGlobalSection
	GlobalSection(SolutionProperties) = preSolution
		HideSolutionNode = FALSE
	EndGlobalSection
	GlobalSection(ExtensibilityGlobals) = postSolution
		SolutionGuid = {F2AC6273-14D1-40BE-AEC2-3695B378D0FA}
	EndGlobalSection
EndGlobal
